// !$*UTF8*$!
{
	archiveVersion = 1;
	classes = {
	};
	objectVersion = 55;
	objects = {

/* Begin PBXBuildFile section */
		24147A488BB49CC6314930BD /* Pods_Places.framework in Frameworks */ = {isa = PBXBuildFile; fileRef = D51E9A4104D157DE1E63759D /* Pods_Places.framework */; };
		2CA41E19170131526EB4693A /* Pods_PlacesTests.framework in Frameworks */ = {isa = PBXBuildFile; fileRef = F0094FA0AB7FDF262CF6C367 /* Pods_PlacesTests.framework */; };
		7B03FF5C2891E1D600F2E80B /* Activity.m in Sources */ = {isa = PBXBuildFile; fileRef = 7B03FF5B2891E1D600F2E80B /* Activity.m */; };
		7B1A97A02874F7A8007D53F1 /* AppDelegate.m in Sources */ = {isa = PBXBuildFile; fileRef = 7B1A979F2874F7A8007D53F1 /* AppDelegate.m */; };
		7B1A97A32874F7A8007D53F1 /* SceneDelegate.m in Sources */ = {isa = PBXBuildFile; fileRef = 7B1A97A22874F7A8007D53F1 /* SceneDelegate.m */; };
		7B1A97A92874F7A8007D53F1 /* Main.storyboard in Resources */ = {isa = PBXBuildFile; fileRef = 7B1A97A72874F7A8007D53F1 /* Main.storyboard */; };
		7B1A97AC2874F7A8007D53F1 /* Places.xcdatamodeld in Sources */ = {isa = PBXBuildFile; fileRef = 7B1A97AA2874F7A8007D53F1 /* Places.xcdatamodeld */; };
		7B1A97AE2874F7A9007D53F1 /* Assets.xcassets in Resources */ = {isa = PBXBuildFile; fileRef = 7B1A97AD2874F7A9007D53F1 /* Assets.xcassets */; };
		7B1A97B12874F7A9007D53F1 /* LaunchScreen.storyboard in Resources */ = {isa = PBXBuildFile; fileRef = 7B1A97AF2874F7A9007D53F1 /* LaunchScreen.storyboard */; };
		7B1A97B42874F7A9007D53F1 /* main.m in Sources */ = {isa = PBXBuildFile; fileRef = 7B1A97B32874F7A9007D53F1 /* main.m */; };
		7B1A97BE2874F7A9007D53F1 /* PlacesTests.m in Sources */ = {isa = PBXBuildFile; fileRef = 7B1A97BD2874F7A9007D53F1 /* PlacesTests.m */; };
		7B1A97C82874F7A9007D53F1 /* PlacesUITests.m in Sources */ = {isa = PBXBuildFile; fileRef = 7B1A97C72874F7A9007D53F1 /* PlacesUITests.m */; };
		7B1A97CA2874F7A9007D53F1 /* PlacesUITestsLaunchTests.m in Sources */ = {isa = PBXBuildFile; fileRef = 7B1A97C92874F7A9007D53F1 /* PlacesUITestsLaunchTests.m */; };
		7B297E952877E33900B5BCB4 /* LoginViewController.m in Sources */ = {isa = PBXBuildFile; fileRef = 7B297E942877E33900B5BCB4 /* LoginViewController.m */; };
		7B297E9B2877E82900B5BCB4 /* TabBarController.m in Sources */ = {isa = PBXBuildFile; fileRef = 7B297E9A2877E82900B5BCB4 /* TabBarController.m */; };
		7B297E9E28789D2500B5BCB4 /* ProfileViewController.m in Sources */ = {isa = PBXBuildFile; fileRef = 7B297E9D28789D2500B5BCB4 /* ProfileViewController.m */; };
		7B297EA1287C00EF00B5BCB4 /* DiscoverViewController.m in Sources */ = {isa = PBXBuildFile; fileRef = 7B297EA0287C00EF00B5BCB4 /* DiscoverViewController.m */; };
		7B297EA5287C907E00B5BCB4 /* APIManager.m in Sources */ = {isa = PBXBuildFile; fileRef = 7B297EA4287C907E00B5BCB4 /* APIManager.m */; };
		7B297EA9287CD61800B5BCB4 /* PlaceTableViewCell.m in Sources */ = {isa = PBXBuildFile; fileRef = 7B297EA8287CD61800B5BCB4 /* PlaceTableViewCell.m */; };
		7B297EAD287CDB4700B5BCB4 /* Place.m in Sources */ = {isa = PBXBuildFile; fileRef = 7B297EAC287CDB4700B5BCB4 /* Place.m */; };
		7B297EB0287E420B00B5BCB4 /* FavoritesViewController.m in Sources */ = {isa = PBXBuildFile; fileRef = 7B297EAF287E420B00B5BCB4 /* FavoritesViewController.m */; };
		7B297EB32881325100B5BCB4 /* ItinerariesTableViewController.m in Sources */ = {isa = PBXBuildFile; fileRef = 7B297EB22881325100B5BCB4 /* ItinerariesTableViewController.m */; };
		7B297EB62881365000B5BCB4 /* ItineraryTableViewCell.m in Sources */ = {isa = PBXBuildFile; fileRef = 7B297EB52881365000B5BCB4 /* ItineraryTableViewCell.m */; };
		7B297EB92881374A00B5BCB4 /* Itinerary.m in Sources */ = {isa = PBXBuildFile; fileRef = 7B297EB82881374A00B5BCB4 /* Itinerary.m */; };
		7B297EBC28813E2E00B5BCB4 /* ComposeItineraryViewController.m in Sources */ = {isa = PBXBuildFile; fileRef = 7B297EBB28813E2E00B5BCB4 /* ComposeItineraryViewController.m */; };
		7B2F65272898465D000C3D9C /* PlaceTuple.m in Sources */ = {isa = PBXBuildFile; fileRef = 7B2F65262898465D000C3D9C /* PlaceTuple.m */; };
		7B2F652E28984796000C3D9C /* ExactOptimalRouteAlgorithm.m in Sources */ = {isa = PBXBuildFile; fileRef = 7B2F652D28984796000C3D9C /* ExactOptimalRouteAlgorithm.m */; };
		7B2F6531289847A8000C3D9C /* ApproximateOptimalRouteAlgorithm.m in Sources */ = {isa = PBXBuildFile; fileRef = 7B2F6530289847A8000C3D9C /* ApproximateOptimalRouteAlgorithm.m */; };
		7B39FC19288797A5002D3607 /* ItineraryDetailViewController.m in Sources */ = {isa = PBXBuildFile; fileRef = 7B39FC18288797A5002D3607 /* ItineraryDetailViewController.m */; };
		7B39FC1C288A315D002D3607 /* ActivityHistoryViewController.m in Sources */ = {isa = PBXBuildFile; fileRef = 7B39FC1B288A315D002D3607 /* ActivityHistoryViewController.m */; };
		7B39FC1F288F03F7002D3607 /* ShortestRouteMapViewController.m in Sources */ = {isa = PBXBuildFile; fileRef = 7B39FC1E288F03F7002D3607 /* ShortestRouteMapViewController.m */; };
		7BF917982877DB800042641C /* SignUpViewController.m in Sources */ = {isa = PBXBuildFile; fileRef = 7BF917972877DB800042641C /* SignUpViewController.m */; };
		CFB9F1394D47D15BCD660DA3 /* Pods_Places_PlacesUITests.framework in Frameworks */ = {isa = PBXBuildFile; fileRef = E1E0034AF7CD8494A82B4735 /* Pods_Places_PlacesUITests.framework */; };
/* End PBXBuildFile section */

/* Begin PBXContainerItemProxy section */
		7B1A97BA2874F7A9007D53F1 /* PBXContainerItemProxy */ = {
			isa = PBXContainerItemProxy;
			containerPortal = 7B1A97932874F7A8007D53F1 /* Project object */;
			proxyType = 1;
			remoteGlobalIDString = 7B1A979A2874F7A8007D53F1;
			remoteInfo = Places;
		};
		7B1A97C42874F7A9007D53F1 /* PBXContainerItemProxy */ = {
			isa = PBXContainerItemProxy;
			containerPortal = 7B1A97932874F7A8007D53F1 /* Project object */;
			proxyType = 1;
			remoteGlobalIDString = 7B1A979A2874F7A8007D53F1;
			remoteInfo = Places;
		};
/* End PBXContainerItemProxy section */

/* Begin PBXFileReference section */
		181C0CC4E43A60CE2BD26C09 /* Pods-Places.release.xcconfig */ = {isa = PBXFileReference; includeInIndex = 1; lastKnownFileType = text.xcconfig; name = "Pods-Places.release.xcconfig"; path = "Target Support Files/Pods-Places/Pods-Places.release.xcconfig"; sourceTree = "<group>"; };
		412F1185F3FA9CB6C5BF34A0 /* Pods-PlacesTests.release.xcconfig */ = {isa = PBXFileReference; includeInIndex = 1; lastKnownFileType = text.xcconfig; name = "Pods-PlacesTests.release.xcconfig"; path = "Target Support Files/Pods-PlacesTests/Pods-PlacesTests.release.xcconfig"; sourceTree = "<group>"; };
		48B8E4947D603CB6802401DE /* Pods-Places-PlacesUITests.debug.xcconfig */ = {isa = PBXFileReference; includeInIndex = 1; lastKnownFileType = text.xcconfig; name = "Pods-Places-PlacesUITests.debug.xcconfig"; path = "Target Support Files/Pods-Places-PlacesUITests/Pods-Places-PlacesUITests.debug.xcconfig"; sourceTree = "<group>"; };
		4E2F94908CEB9CE9B3BB41F2 /* Pods-Places.debug.xcconfig */ = {isa = PBXFileReference; includeInIndex = 1; lastKnownFileType = text.xcconfig; name = "Pods-Places.debug.xcconfig"; path = "Target Support Files/Pods-Places/Pods-Places.debug.xcconfig"; sourceTree = "<group>"; };
		7B03FF5A2891E1D600F2E80B /* Activity.h */ = {isa = PBXFileReference; lastKnownFileType = sourcecode.c.h; path = Activity.h; sourceTree = "<group>"; };
		7B03FF5B2891E1D600F2E80B /* Activity.m */ = {isa = PBXFileReference; lastKnownFileType = sourcecode.c.objc; path = Activity.m; sourceTree = "<group>"; };
		7B1A979B2874F7A8007D53F1 /* Places.app */ = {isa = PBXFileReference; explicitFileType = wrapper.application; includeInIndex = 0; path = Places.app; sourceTree = BUILT_PRODUCTS_DIR; };
		7B1A979E2874F7A8007D53F1 /* AppDelegate.h */ = {isa = PBXFileReference; lastKnownFileType = sourcecode.c.h; path = AppDelegate.h; sourceTree = "<group>"; };
		7B1A979F2874F7A8007D53F1 /* AppDelegate.m */ = {isa = PBXFileReference; lastKnownFileType = sourcecode.c.objc; path = AppDelegate.m; sourceTree = "<group>"; };
		7B1A97A12874F7A8007D53F1 /* SceneDelegate.h */ = {isa = PBXFileReference; lastKnownFileType = sourcecode.c.h; path = SceneDelegate.h; sourceTree = "<group>"; };
		7B1A97A22874F7A8007D53F1 /* SceneDelegate.m */ = {isa = PBXFileReference; lastKnownFileType = sourcecode.c.objc; path = SceneDelegate.m; sourceTree = "<group>"; };
		7B1A97A82874F7A8007D53F1 /* Base */ = {isa = PBXFileReference; lastKnownFileType = file.storyboard; name = Base; path = Base.lproj/Main.storyboard; sourceTree = "<group>"; };
		7B1A97AB2874F7A8007D53F1 /* Places.xcdatamodel */ = {isa = PBXFileReference; lastKnownFileType = wrapper.xcdatamodel; path = Places.xcdatamodel; sourceTree = "<group>"; };
		7B1A97AD2874F7A9007D53F1 /* Assets.xcassets */ = {isa = PBXFileReference; lastKnownFileType = folder.assetcatalog; path = Assets.xcassets; sourceTree = "<group>"; };
		7B1A97B02874F7A9007D53F1 /* Base */ = {isa = PBXFileReference; lastKnownFileType = file.storyboard; name = Base; path = Base.lproj/LaunchScreen.storyboard; sourceTree = "<group>"; };
		7B1A97B22874F7A9007D53F1 /* Info.plist */ = {isa = PBXFileReference; lastKnownFileType = text.plist.xml; path = Info.plist; sourceTree = "<group>"; };
		7B1A97B32874F7A9007D53F1 /* main.m */ = {isa = PBXFileReference; lastKnownFileType = sourcecode.c.objc; path = main.m; sourceTree = "<group>"; };
		7B1A97B92874F7A9007D53F1 /* PlacesTests.xctest */ = {isa = PBXFileReference; explicitFileType = wrapper.cfbundle; includeInIndex = 0; path = PlacesTests.xctest; sourceTree = BUILT_PRODUCTS_DIR; };
		7B1A97BD2874F7A9007D53F1 /* PlacesTests.m */ = {isa = PBXFileReference; lastKnownFileType = sourcecode.c.objc; path = PlacesTests.m; sourceTree = "<group>"; };
		7B1A97C32874F7A9007D53F1 /* PlacesUITests.xctest */ = {isa = PBXFileReference; explicitFileType = wrapper.cfbundle; includeInIndex = 0; path = PlacesUITests.xctest; sourceTree = BUILT_PRODUCTS_DIR; };
		7B1A97C72874F7A9007D53F1 /* PlacesUITests.m */ = {isa = PBXFileReference; lastKnownFileType = sourcecode.c.objc; path = PlacesUITests.m; sourceTree = "<group>"; };
		7B1A97C92874F7A9007D53F1 /* PlacesUITestsLaunchTests.m */ = {isa = PBXFileReference; lastKnownFileType = sourcecode.c.objc; path = PlacesUITestsLaunchTests.m; sourceTree = "<group>"; };
		7B297E932877E33900B5BCB4 /* LoginViewController.h */ = {isa = PBXFileReference; lastKnownFileType = sourcecode.c.h; path = LoginViewController.h; sourceTree = "<group>"; };
		7B297E942877E33900B5BCB4 /* LoginViewController.m */ = {isa = PBXFileReference; lastKnownFileType = sourcecode.c.objc; path = LoginViewController.m; sourceTree = "<group>"; };
		7B297E992877E82900B5BCB4 /* TabBarController.h */ = {isa = PBXFileReference; lastKnownFileType = sourcecode.c.h; path = TabBarController.h; sourceTree = "<group>"; };
		7B297E9A2877E82900B5BCB4 /* TabBarController.m */ = {isa = PBXFileReference; lastKnownFileType = sourcecode.c.objc; path = TabBarController.m; sourceTree = "<group>"; };
		7B297E9C28789D2500B5BCB4 /* ProfileViewController.h */ = {isa = PBXFileReference; lastKnownFileType = sourcecode.c.h; path = ProfileViewController.h; sourceTree = "<group>"; };
		7B297E9D28789D2500B5BCB4 /* ProfileViewController.m */ = {isa = PBXFileReference; lastKnownFileType = sourcecode.c.objc; path = ProfileViewController.m; sourceTree = "<group>"; };
		7B297E9F287C00EF00B5BCB4 /* DiscoverViewController.h */ = {isa = PBXFileReference; lastKnownFileType = sourcecode.c.h; path = DiscoverViewController.h; sourceTree = "<group>"; };
		7B297EA0287C00EF00B5BCB4 /* DiscoverViewController.m */ = {isa = PBXFileReference; lastKnownFileType = sourcecode.c.objc; path = DiscoverViewController.m; sourceTree = "<group>"; };
		7B297EA3287C907E00B5BCB4 /* APIManager.h */ = {isa = PBXFileReference; lastKnownFileType = sourcecode.c.h; path = APIManager.h; sourceTree = "<group>"; };
		7B297EA4287C907E00B5BCB4 /* APIManager.m */ = {isa = PBXFileReference; lastKnownFileType = sourcecode.c.objc; path = APIManager.m; sourceTree = "<group>"; };
		7B297EA7287CD61800B5BCB4 /* PlaceTableViewCell.h */ = {isa = PBXFileReference; lastKnownFileType = sourcecode.c.h; path = PlaceTableViewCell.h; sourceTree = "<group>"; };
		7B297EA8287CD61800B5BCB4 /* PlaceTableViewCell.m */ = {isa = PBXFileReference; lastKnownFileType = sourcecode.c.objc; path = PlaceTableViewCell.m; sourceTree = "<group>"; };
		7B297EAB287CDB4700B5BCB4 /* Place.h */ = {isa = PBXFileReference; lastKnownFileType = sourcecode.c.h; path = Place.h; sourceTree = "<group>"; };
		7B297EAC287CDB4700B5BCB4 /* Place.m */ = {isa = PBXFileReference; lastKnownFileType = sourcecode.c.objc; path = Place.m; sourceTree = "<group>"; };
		7B297EAE287E420B00B5BCB4 /* FavoritesViewController.h */ = {isa = PBXFileReference; lastKnownFileType = sourcecode.c.h; path = FavoritesViewController.h; sourceTree = "<group>"; };
		7B297EAF287E420B00B5BCB4 /* FavoritesViewController.m */ = {isa = PBXFileReference; lastKnownFileType = sourcecode.c.objc; path = FavoritesViewController.m; sourceTree = "<group>"; };
		7B297EB12881325100B5BCB4 /* ItinerariesTableViewController.h */ = {isa = PBXFileReference; lastKnownFileType = sourcecode.c.h; path = ItinerariesTableViewController.h; sourceTree = "<group>"; };
		7B297EB22881325100B5BCB4 /* ItinerariesTableViewController.m */ = {isa = PBXFileReference; lastKnownFileType = sourcecode.c.objc; path = ItinerariesTableViewController.m; sourceTree = "<group>"; };
		7B297EB42881365000B5BCB4 /* ItineraryTableViewCell.h */ = {isa = PBXFileReference; lastKnownFileType = sourcecode.c.h; path = ItineraryTableViewCell.h; sourceTree = "<group>"; };
		7B297EB52881365000B5BCB4 /* ItineraryTableViewCell.m */ = {isa = PBXFileReference; lastKnownFileType = sourcecode.c.objc; path = ItineraryTableViewCell.m; sourceTree = "<group>"; };
		7B297EB72881374A00B5BCB4 /* Itinerary.h */ = {isa = PBXFileReference; lastKnownFileType = sourcecode.c.h; path = Itinerary.h; sourceTree = "<group>"; };
		7B297EB82881374A00B5BCB4 /* Itinerary.m */ = {isa = PBXFileReference; lastKnownFileType = sourcecode.c.objc; path = Itinerary.m; sourceTree = "<group>"; };
		7B297EBA28813E2E00B5BCB4 /* ComposeItineraryViewController.h */ = {isa = PBXFileReference; lastKnownFileType = sourcecode.c.h; path = ComposeItineraryViewController.h; sourceTree = "<group>"; };
		7B297EBB28813E2E00B5BCB4 /* ComposeItineraryViewController.m */ = {isa = PBXFileReference; lastKnownFileType = sourcecode.c.objc; path = ComposeItineraryViewController.m; sourceTree = "<group>"; };
		7B2F65252898465D000C3D9C /* PlaceTuple.h */ = {isa = PBXFileReference; lastKnownFileType = sourcecode.c.h; path = PlaceTuple.h; sourceTree = "<group>"; };
		7B2F65262898465D000C3D9C /* PlaceTuple.m */ = {isa = PBXFileReference; lastKnownFileType = sourcecode.c.objc; path = PlaceTuple.m; sourceTree = "<group>"; };
		7B2F6528289846AE000C3D9C /* Route.h */ = {isa = PBXFileReference; lastKnownFileType = sourcecode.c.h; path = Route.h; sourceTree = "<group>"; };
		7B2F652C28984796000C3D9C /* ExactOptimalRouteAlgorithm.h */ = {isa = PBXFileReference; lastKnownFileType = sourcecode.c.h; path = ExactOptimalRouteAlgorithm.h; sourceTree = "<group>"; };
		7B2F652D28984796000C3D9C /* ExactOptimalRouteAlgorithm.m */ = {isa = PBXFileReference; lastKnownFileType = sourcecode.c.objc; path = ExactOptimalRouteAlgorithm.m; sourceTree = "<group>"; };
		7B2F652F289847A8000C3D9C /* ApproximateOptimalRouteAlgorithm.h */ = {isa = PBXFileReference; lastKnownFileType = sourcecode.c.h; path = ApproximateOptimalRouteAlgorithm.h; sourceTree = "<group>"; };
		7B2F6530289847A8000C3D9C /* ApproximateOptimalRouteAlgorithm.m */ = {isa = PBXFileReference; lastKnownFileType = sourcecode.c.objc; path = ApproximateOptimalRouteAlgorithm.m; sourceTree = "<group>"; };
		7B39FC17288797A5002D3607 /* ItineraryDetailViewController.h */ = {isa = PBXFileReference; lastKnownFileType = sourcecode.c.h; path = ItineraryDetailViewController.h; sourceTree = "<group>"; };
		7B39FC18288797A5002D3607 /* ItineraryDetailViewController.m */ = {isa = PBXFileReference; lastKnownFileType = sourcecode.c.objc; path = ItineraryDetailViewController.m; sourceTree = "<group>"; };
		7B39FC1A288A315D002D3607 /* ActivityHistoryViewController.h */ = {isa = PBXFileReference; lastKnownFileType = sourcecode.c.h; path = ActivityHistoryViewController.h; sourceTree = "<group>"; };
		7B39FC1B288A315D002D3607 /* ActivityHistoryViewController.m */ = {isa = PBXFileReference; lastKnownFileType = sourcecode.c.objc; path = ActivityHistoryViewController.m; sourceTree = "<group>"; };
		7B39FC1D288F03F7002D3607 /* ShortestRouteMapViewController.h */ = {isa = PBXFileReference; lastKnownFileType = sourcecode.c.h; path = ShortestRouteMapViewController.h; sourceTree = "<group>"; };
		7B39FC1E288F03F7002D3607 /* ShortestRouteMapViewController.m */ = {isa = PBXFileReference; lastKnownFileType = sourcecode.c.objc; path = ShortestRouteMapViewController.m; sourceTree = "<group>"; };
		7BF917962877DB800042641C /* SignUpViewController.h */ = {isa = PBXFileReference; lastKnownFileType = sourcecode.c.h; path = SignUpViewController.h; sourceTree = "<group>"; };
		7BF917972877DB800042641C /* SignUpViewController.m */ = {isa = PBXFileReference; lastKnownFileType = sourcecode.c.objc; path = SignUpViewController.m; sourceTree = "<group>"; };
		97FFA15AC131F6C43064546D /* Pods-PlacesTests.debug.xcconfig */ = {isa = PBXFileReference; includeInIndex = 1; lastKnownFileType = text.xcconfig; name = "Pods-PlacesTests.debug.xcconfig"; path = "Target Support Files/Pods-PlacesTests/Pods-PlacesTests.debug.xcconfig"; sourceTree = "<group>"; };
		B45297B254A401AC370361D2 /* Pods-Places-PlacesUITests.release.xcconfig */ = {isa = PBXFileReference; includeInIndex = 1; lastKnownFileType = text.xcconfig; name = "Pods-Places-PlacesUITests.release.xcconfig"; path = "Target Support Files/Pods-Places-PlacesUITests/Pods-Places-PlacesUITests.release.xcconfig"; sourceTree = "<group>"; };
		D51E9A4104D157DE1E63759D /* Pods_Places.framework */ = {isa = PBXFileReference; explicitFileType = wrapper.framework; includeInIndex = 0; path = Pods_Places.framework; sourceTree = BUILT_PRODUCTS_DIR; };
		E1E0034AF7CD8494A82B4735 /* Pods_Places_PlacesUITests.framework */ = {isa = PBXFileReference; explicitFileType = wrapper.framework; includeInIndex = 0; path = Pods_Places_PlacesUITests.framework; sourceTree = BUILT_PRODUCTS_DIR; };
		F0094FA0AB7FDF262CF6C367 /* Pods_PlacesTests.framework */ = {isa = PBXFileReference; explicitFileType = wrapper.framework; includeInIndex = 0; path = Pods_PlacesTests.framework; sourceTree = BUILT_PRODUCTS_DIR; };
/* End PBXFileReference section */

/* Begin PBXFrameworksBuildPhase section */
		7B1A97982874F7A8007D53F1 /* Frameworks */ = {
			isa = PBXFrameworksBuildPhase;
			buildActionMask = 2147483647;
			files = (
				24147A488BB49CC6314930BD /* Pods_Places.framework in Frameworks */,
			);
			runOnlyForDeploymentPostprocessing = 0;
		};
		7B1A97B62874F7A9007D53F1 /* Frameworks */ = {
			isa = PBXFrameworksBuildPhase;
			buildActionMask = 2147483647;
			files = (
				2CA41E19170131526EB4693A /* Pods_PlacesTests.framework in Frameworks */,
			);
			runOnlyForDeploymentPostprocessing = 0;
		};
		7B1A97C02874F7A9007D53F1 /* Frameworks */ = {
			isa = PBXFrameworksBuildPhase;
			buildActionMask = 2147483647;
			files = (
				CFB9F1394D47D15BCD660DA3 /* Pods_Places_PlacesUITests.framework in Frameworks */,
			);
			runOnlyForDeploymentPostprocessing = 0;
		};
/* End PBXFrameworksBuildPhase section */

/* Begin PBXGroup section */
		301C3FDD0D1C987E54C0F8D5 /* Frameworks */ = {
			isa = PBXGroup;
			children = (
				D51E9A4104D157DE1E63759D /* Pods_Places.framework */,
				E1E0034AF7CD8494A82B4735 /* Pods_Places_PlacesUITests.framework */,
				F0094FA0AB7FDF262CF6C367 /* Pods_PlacesTests.framework */,
			);
			name = Frameworks;
			sourceTree = "<group>";
		};
		7B1A97922874F7A8007D53F1 = {
			isa = PBXGroup;
			children = (
				7B1A979D2874F7A8007D53F1 /* Places */,
				7B1A97BC2874F7A9007D53F1 /* PlacesTests */,
				7B1A97C62874F7A9007D53F1 /* PlacesUITests */,
				7B1A979C2874F7A8007D53F1 /* Products */,
				CFBBD44D5692B132D9FA79F9 /* Pods */,
				301C3FDD0D1C987E54C0F8D5 /* Frameworks */,
			);
			sourceTree = "<group>";
		};
		7B1A979C2874F7A8007D53F1 /* Products */ = {
			isa = PBXGroup;
			children = (
				7B1A979B2874F7A8007D53F1 /* Places.app */,
				7B1A97B92874F7A9007D53F1 /* PlacesTests.xctest */,
				7B1A97C32874F7A9007D53F1 /* PlacesUITests.xctest */,
			);
			name = Products;
			sourceTree = "<group>";
		};
		7B1A979D2874F7A8007D53F1 /* Places */ = {
			isa = PBXGroup;
			children = (
				7BF917992877DB880042641C /* View Controllers */,
				7B297EA6287CD5E200B5BCB4 /* Views */,
				7B2F652B28984733000C3D9C /* Algorithms */,
				7B297EAA287CDB1800B5BCB4 /* Models */,
				7B297EA2287C8A1400B5BCB4 /* API */,
				7B1A979E2874F7A8007D53F1 /* AppDelegate.h */,
				7B1A979F2874F7A8007D53F1 /* AppDelegate.m */,
				7B1A97A12874F7A8007D53F1 /* SceneDelegate.h */,
				7B1A97A22874F7A8007D53F1 /* SceneDelegate.m */,
				7B1A97A72874F7A8007D53F1 /* Main.storyboard */,
				7B1A97AD2874F7A9007D53F1 /* Assets.xcassets */,
				7B1A97AF2874F7A9007D53F1 /* LaunchScreen.storyboard */,
				7B1A97B22874F7A9007D53F1 /* Info.plist */,
				7B1A97B32874F7A9007D53F1 /* main.m */,
				7B1A97AA2874F7A8007D53F1 /* Places.xcdatamodeld */,
			);
			path = Places;
			sourceTree = "<group>";
		};
		7B1A97BC2874F7A9007D53F1 /* PlacesTests */ = {
			isa = PBXGroup;
			children = (
				7B1A97BD2874F7A9007D53F1 /* PlacesTests.m */,
			);
			path = PlacesTests;
			sourceTree = "<group>";
		};
		7B1A97C62874F7A9007D53F1 /* PlacesUITests */ = {
			isa = PBXGroup;
			children = (
				7B1A97C72874F7A9007D53F1 /* PlacesUITests.m */,
				7B1A97C92874F7A9007D53F1 /* PlacesUITestsLaunchTests.m */,
			);
			path = PlacesUITests;
			sourceTree = "<group>";
		};
		7B297EA2287C8A1400B5BCB4 /* API */ = {
			isa = PBXGroup;
			children = (
				7B297EA3287C907E00B5BCB4 /* APIManager.h */,
				7B297EA4287C907E00B5BCB4 /* APIManager.m */,
			);
			path = API;
			sourceTree = "<group>";
		};
		7B297EA6287CD5E200B5BCB4 /* Views */ = {
			isa = PBXGroup;
			children = (
				7B297EA7287CD61800B5BCB4 /* PlaceTableViewCell.h */,
				7B297EA8287CD61800B5BCB4 /* PlaceTableViewCell.m */,
				7B297EB42881365000B5BCB4 /* ItineraryTableViewCell.h */,
				7B297EB52881365000B5BCB4 /* ItineraryTableViewCell.m */,
			);
			path = Views;
			sourceTree = "<group>";
		};
		7B297EAA287CDB1800B5BCB4 /* Models */ = {
			isa = PBXGroup;
			children = (
				7B297EAB287CDB4700B5BCB4 /* Place.h */,
				7B297EAC287CDB4700B5BCB4 /* Place.m */,
				7B297EB72881374A00B5BCB4 /* Itinerary.h */,
				7B297EB82881374A00B5BCB4 /* Itinerary.m */,
				7B03FF5A2891E1D600F2E80B /* Activity.h */,
				7B03FF5B2891E1D600F2E80B /* Activity.m */,
				7B2F65252898465D000C3D9C /* PlaceTuple.h */,
				7B2F65262898465D000C3D9C /* PlaceTuple.m */,
				7B2F6528289846AE000C3D9C /* Route.h */,
			);
			path = Models;
			sourceTree = "<group>";
		};
		7B2F652B28984733000C3D9C /* Algorithms */ = {
			isa = PBXGroup;
			children = (
				7B2F652C28984796000C3D9C /* ExactOptimalRouteAlgorithm.h */,
				7B2F652D28984796000C3D9C /* ExactOptimalRouteAlgorithm.m */,
				7B2F652F289847A8000C3D9C /* ApproximateOptimalRouteAlgorithm.h */,
				7B2F6530289847A8000C3D9C /* ApproximateOptimalRouteAlgorithm.m */,
			);
			path = Algorithms;
			sourceTree = "<group>";
		};
		7BF917992877DB880042641C /* View Controllers */ = {
			isa = PBXGroup;
			children = (
				7BF917962877DB800042641C /* SignUpViewController.h */,
				7BF917972877DB800042641C /* SignUpViewController.m */,
				7B297E932877E33900B5BCB4 /* LoginViewController.h */,
				7B297E942877E33900B5BCB4 /* LoginViewController.m */,
				7B297E992877E82900B5BCB4 /* TabBarController.h */,
				7B297E9A2877E82900B5BCB4 /* TabBarController.m */,
				7B297E9F287C00EF00B5BCB4 /* DiscoverViewController.h */,
				7B297EA0287C00EF00B5BCB4 /* DiscoverViewController.m */,
				7B297E9C28789D2500B5BCB4 /* ProfileViewController.h */,
				7B297E9D28789D2500B5BCB4 /* ProfileViewController.m */,
				7B297EAE287E420B00B5BCB4 /* FavoritesViewController.h */,
				7B297EAF287E420B00B5BCB4 /* FavoritesViewController.m */,
				7B297EB12881325100B5BCB4 /* ItinerariesTableViewController.h */,
				7B297EB22881325100B5BCB4 /* ItinerariesTableViewController.m */,
				7B297EBA28813E2E00B5BCB4 /* ComposeItineraryViewController.h */,
				7B297EBB28813E2E00B5BCB4 /* ComposeItineraryViewController.m */,
				7B39FC17288797A5002D3607 /* ItineraryDetailViewController.h */,
				7B39FC18288797A5002D3607 /* ItineraryDetailViewController.m */,
				7B39FC1A288A315D002D3607 /* ActivityHistoryViewController.h */,
				7B39FC1B288A315D002D3607 /* ActivityHistoryViewController.m */,
				7B39FC1D288F03F7002D3607 /* ShortestRouteMapViewController.h */,
				7B39FC1E288F03F7002D3607 /* ShortestRouteMapViewController.m */,
			);
			path = "View Controllers";
			sourceTree = "<group>";
		};
		CFBBD44D5692B132D9FA79F9 /* Pods */ = {
			isa = PBXGroup;
			children = (
				4E2F94908CEB9CE9B3BB41F2 /* Pods-Places.debug.xcconfig */,
				181C0CC4E43A60CE2BD26C09 /* Pods-Places.release.xcconfig */,
				48B8E4947D603CB6802401DE /* Pods-Places-PlacesUITests.debug.xcconfig */,
				B45297B254A401AC370361D2 /* Pods-Places-PlacesUITests.release.xcconfig */,
				97FFA15AC131F6C43064546D /* Pods-PlacesTests.debug.xcconfig */,
				412F1185F3FA9CB6C5BF34A0 /* Pods-PlacesTests.release.xcconfig */,
			);
			path = Pods;
			sourceTree = "<group>";
		};
/* End PBXGroup section */

/* Begin PBXNativeTarget section */
		7B1A979A2874F7A8007D53F1 /* Places */ = {
			isa = PBXNativeTarget;
			buildConfigurationList = 7B1A97CD2874F7A9007D53F1 /* Build configuration list for PBXNativeTarget "Places" */;
			buildPhases = (
				B162ACF419C78C5D6E730A18 /* [CP] Check Pods Manifest.lock */,
				7B1A97972874F7A8007D53F1 /* Sources */,
				7B1A97982874F7A8007D53F1 /* Frameworks */,
				7B1A97992874F7A8007D53F1 /* Resources */,
				5316CFAE521024CD15C64725 /* [CP] Embed Pods Frameworks */,
				BF9A7FC28AE09FC6083BADA9 /* [CP] Copy Pods Resources */,
			);
			buildRules = (
			);
			dependencies = (
			);
			name = Places;
			productName = Places;
			productReference = 7B1A979B2874F7A8007D53F1 /* Places.app */;
			productType = "com.apple.product-type.application";
		};
		7B1A97B82874F7A9007D53F1 /* PlacesTests */ = {
			isa = PBXNativeTarget;
			buildConfigurationList = 7B1A97D02874F7A9007D53F1 /* Build configuration list for PBXNativeTarget "PlacesTests" */;
			buildPhases = (
				1FFADAC5239B712EFD6334C5 /* [CP] Check Pods Manifest.lock */,
				7B1A97B52874F7A9007D53F1 /* Sources */,
				7B1A97B62874F7A9007D53F1 /* Frameworks */,
				7B1A97B72874F7A9007D53F1 /* Resources */,
			);
			buildRules = (
			);
			dependencies = (
				7B1A97BB2874F7A9007D53F1 /* PBXTargetDependency */,
			);
			name = PlacesTests;
			productName = PlacesTests;
			productReference = 7B1A97B92874F7A9007D53F1 /* PlacesTests.xctest */;
			productType = "com.apple.product-type.bundle.unit-test";
		};
		7B1A97C22874F7A9007D53F1 /* PlacesUITests */ = {
			isa = PBXNativeTarget;
			buildConfigurationList = 7B1A97D32874F7A9007D53F1 /* Build configuration list for PBXNativeTarget "PlacesUITests" */;
			buildPhases = (
				76C3B6A29DB1BA9FACF53D80 /* [CP] Check Pods Manifest.lock */,
				7B1A97BF2874F7A9007D53F1 /* Sources */,
				7B1A97C02874F7A9007D53F1 /* Frameworks */,
				7B1A97C12874F7A9007D53F1 /* Resources */,
				6E82C0EB8EF6F87C43678D35 /* [CP] Embed Pods Frameworks */,
				3254033CA72A0BC13ECB7DDF /* [CP] Copy Pods Resources */,
			);
			buildRules = (
			);
			dependencies = (
				7B1A97C52874F7A9007D53F1 /* PBXTargetDependency */,
			);
			name = PlacesUITests;
			productName = PlacesUITests;
			productReference = 7B1A97C32874F7A9007D53F1 /* PlacesUITests.xctest */;
			productType = "com.apple.product-type.bundle.ui-testing";
		};
/* End PBXNativeTarget section */

/* Begin PBXProject section */
		7B1A97932874F7A8007D53F1 /* Project object */ = {
			isa = PBXProject;
			attributes = {
				BuildIndependentTargetsInParallel = 1;
				LastUpgradeCheck = 1340;
				TargetAttributes = {
					7B1A979A2874F7A8007D53F1 = {
						CreatedOnToolsVersion = 13.4.1;
					};
					7B1A97B82874F7A9007D53F1 = {
						CreatedOnToolsVersion = 13.4.1;
						TestTargetID = 7B1A979A2874F7A8007D53F1;
					};
					7B1A97C22874F7A9007D53F1 = {
						CreatedOnToolsVersion = 13.4.1;
						TestTargetID = 7B1A979A2874F7A8007D53F1;
					};
				};
			};
			buildConfigurationList = 7B1A97962874F7A8007D53F1 /* Build configuration list for PBXProject "Places" */;
			compatibilityVersion = "Xcode 13.0";
			developmentRegion = en;
			hasScannedForEncodings = 0;
			knownRegions = (
				en,
				Base,
			);
			mainGroup = 7B1A97922874F7A8007D53F1;
			productRefGroup = 7B1A979C2874F7A8007D53F1 /* Products */;
			projectDirPath = "";
			projectRoot = "";
			targets = (
				7B1A979A2874F7A8007D53F1 /* Places */,
				7B1A97B82874F7A9007D53F1 /* PlacesTests */,
				7B1A97C22874F7A9007D53F1 /* PlacesUITests */,
			);
		};
/* End PBXProject section */

/* Begin PBXResourcesBuildPhase section */
		7B1A97992874F7A8007D53F1 /* Resources */ = {
			isa = PBXResourcesBuildPhase;
			buildActionMask = 2147483647;
			files = (
				7B1A97B12874F7A9007D53F1 /* LaunchScreen.storyboard in Resources */,
				7B1A97AE2874F7A9007D53F1 /* Assets.xcassets in Resources */,
				7B1A97A92874F7A8007D53F1 /* Main.storyboard in Resources */,
			);
			runOnlyForDeploymentPostprocessing = 0;
		};
		7B1A97B72874F7A9007D53F1 /* Resources */ = {
			isa = PBXResourcesBuildPhase;
			buildActionMask = 2147483647;
			files = (
			);
			runOnlyForDeploymentPostprocessing = 0;
		};
		7B1A97C12874F7A9007D53F1 /* Resources */ = {
			isa = PBXResourcesBuildPhase;
			buildActionMask = 2147483647;
			files = (
			);
			runOnlyForDeploymentPostprocessing = 0;
		};
/* End PBXResourcesBuildPhase section */

/* Begin PBXShellScriptBuildPhase section */
		1FFADAC5239B712EFD6334C5 /* [CP] Check Pods Manifest.lock */ = {
			isa = PBXShellScriptBuildPhase;
			buildActionMask = 2147483647;
			files = (
			);
			inputFileListPaths = (
			);
			inputPaths = (
				"${PODS_PODFILE_DIR_PATH}/Podfile.lock",
				"${PODS_ROOT}/Manifest.lock",
			);
			name = "[CP] Check Pods Manifest.lock";
			outputFileListPaths = (
			);
			outputPaths = (
				"$(DERIVED_FILE_DIR)/Pods-PlacesTests-checkManifestLockResult.txt",
			);
			runOnlyForDeploymentPostprocessing = 0;
			shellPath = /bin/sh;
			shellScript = "diff \"${PODS_PODFILE_DIR_PATH}/Podfile.lock\" \"${PODS_ROOT}/Manifest.lock\" > /dev/null\nif [ $? != 0 ] ; then\n    # print error to STDERR\n    echo \"error: The sandbox is not in sync with the Podfile.lock. Run 'pod install' or update your CocoaPods installation.\" >&2\n    exit 1\nfi\n# This output is used by Xcode 'outputs' to avoid re-running this script phase.\necho \"SUCCESS\" > \"${SCRIPT_OUTPUT_FILE_0}\"\n";
			showEnvVarsInLog = 0;
		};
		3254033CA72A0BC13ECB7DDF /* [CP] Copy Pods Resources */ = {
			isa = PBXShellScriptBuildPhase;
			buildActionMask = 2147483647;
			files = (
			);
			inputFileListPaths = (
				"${PODS_ROOT}/Target Support Files/Pods-Places-PlacesUITests/Pods-Places-PlacesUITests-resources-${CONFIGURATION}-input-files.xcfilelist",
			);
			name = "[CP] Copy Pods Resources";
			outputFileListPaths = (
				"${PODS_ROOT}/Target Support Files/Pods-Places-PlacesUITests/Pods-Places-PlacesUITests-resources-${CONFIGURATION}-output-files.xcfilelist",
			);
			runOnlyForDeploymentPostprocessing = 0;
			shellPath = /bin/sh;
			shellScript = "\"${PODS_ROOT}/Target Support Files/Pods-Places-PlacesUITests/Pods-Places-PlacesUITests-resources.sh\"\n";
			showEnvVarsInLog = 0;
		};
		5316CFAE521024CD15C64725 /* [CP] Embed Pods Frameworks */ = {
			isa = PBXShellScriptBuildPhase;
			buildActionMask = 2147483647;
			files = (
			);
			inputFileListPaths = (
				"${PODS_ROOT}/Target Support Files/Pods-Places/Pods-Places-frameworks-${CONFIGURATION}-input-files.xcfilelist",
			);
			name = "[CP] Embed Pods Frameworks";
			outputFileListPaths = (
				"${PODS_ROOT}/Target Support Files/Pods-Places/Pods-Places-frameworks-${CONFIGURATION}-output-files.xcfilelist",
			);
			runOnlyForDeploymentPostprocessing = 0;
			shellPath = /bin/sh;
			shellScript = "\"${PODS_ROOT}/Target Support Files/Pods-Places/Pods-Places-frameworks.sh\"\n";
			showEnvVarsInLog = 0;
		};
		6E82C0EB8EF6F87C43678D35 /* [CP] Embed Pods Frameworks */ = {
			isa = PBXShellScriptBuildPhase;
			buildActionMask = 2147483647;
			files = (
			);
			inputFileListPaths = (
				"${PODS_ROOT}/Target Support Files/Pods-Places-PlacesUITests/Pods-Places-PlacesUITests-frameworks-${CONFIGURATION}-input-files.xcfilelist",
			);
			name = "[CP] Embed Pods Frameworks";
			outputFileListPaths = (
				"${PODS_ROOT}/Target Support Files/Pods-Places-PlacesUITests/Pods-Places-PlacesUITests-frameworks-${CONFIGURATION}-output-files.xcfilelist",
			);
			runOnlyForDeploymentPostprocessing = 0;
			shellPath = /bin/sh;
			shellScript = "\"${PODS_ROOT}/Target Support Files/Pods-Places-PlacesUITests/Pods-Places-PlacesUITests-frameworks.sh\"\n";
			showEnvVarsInLog = 0;
		};
		76C3B6A29DB1BA9FACF53D80 /* [CP] Check Pods Manifest.lock */ = {
			isa = PBXShellScriptBuildPhase;
			buildActionMask = 2147483647;
			files = (
			);
			inputFileListPaths = (
			);
			inputPaths = (
				"${PODS_PODFILE_DIR_PATH}/Podfile.lock",
				"${PODS_ROOT}/Manifest.lock",
			);
			name = "[CP] Check Pods Manifest.lock";
			outputFileListPaths = (
			);
			outputPaths = (
				"$(DERIVED_FILE_DIR)/Pods-Places-PlacesUITests-checkManifestLockResult.txt",
			);
			runOnlyForDeploymentPostprocessing = 0;
			shellPath = /bin/sh;
			shellScript = "diff \"${PODS_PODFILE_DIR_PATH}/Podfile.lock\" \"${PODS_ROOT}/Manifest.lock\" > /dev/null\nif [ $? != 0 ] ; then\n    # print error to STDERR\n    echo \"error: The sandbox is not in sync with the Podfile.lock. Run 'pod install' or update your CocoaPods installation.\" >&2\n    exit 1\nfi\n# This output is used by Xcode 'outputs' to avoid re-running this script phase.\necho \"SUCCESS\" > \"${SCRIPT_OUTPUT_FILE_0}\"\n";
			showEnvVarsInLog = 0;
		};
		B162ACF419C78C5D6E730A18 /* [CP] Check Pods Manifest.lock */ = {
			isa = PBXShellScriptBuildPhase;
			buildActionMask = 2147483647;
			files = (
			);
			inputFileListPaths = (
			);
			inputPaths = (
				"${PODS_PODFILE_DIR_PATH}/Podfile.lock",
				"${PODS_ROOT}/Manifest.lock",
			);
			name = "[CP] Check Pods Manifest.lock";
			outputFileListPaths = (
			);
			outputPaths = (
				"$(DERIVED_FILE_DIR)/Pods-Places-checkManifestLockResult.txt",
			);
			runOnlyForDeploymentPostprocessing = 0;
			shellPath = /bin/sh;
			shellScript = "diff \"${PODS_PODFILE_DIR_PATH}/Podfile.lock\" \"${PODS_ROOT}/Manifest.lock\" > /dev/null\nif [ $? != 0 ] ; then\n    # print error to STDERR\n    echo \"error: The sandbox is not in sync with the Podfile.lock. Run 'pod install' or update your CocoaPods installation.\" >&2\n    exit 1\nfi\n# This output is used by Xcode 'outputs' to avoid re-running this script phase.\necho \"SUCCESS\" > \"${SCRIPT_OUTPUT_FILE_0}\"\n";
			showEnvVarsInLog = 0;
		};
		BF9A7FC28AE09FC6083BADA9 /* [CP] Copy Pods Resources */ = {
			isa = PBXShellScriptBuildPhase;
			buildActionMask = 2147483647;
			files = (
			);
			inputFileListPaths = (
				"${PODS_ROOT}/Target Support Files/Pods-Places/Pods-Places-resources-${CONFIGURATION}-input-files.xcfilelist",
			);
			name = "[CP] Copy Pods Resources";
			outputFileListPaths = (
				"${PODS_ROOT}/Target Support Files/Pods-Places/Pods-Places-resources-${CONFIGURATION}-output-files.xcfilelist",
			);
			runOnlyForDeploymentPostprocessing = 0;
			shellPath = /bin/sh;
			shellScript = "\"${PODS_ROOT}/Target Support Files/Pods-Places/Pods-Places-resources.sh\"\n";
			showEnvVarsInLog = 0;
		};
/* End PBXShellScriptBuildPhase section */

/* Begin PBXSourcesBuildPhase section */
		7B1A97972874F7A8007D53F1 /* Sources */ = {
			isa = PBXSourcesBuildPhase;
			buildActionMask = 2147483647;
			files = (
				7B297E9B2877E82900B5BCB4 /* TabBarController.m in Sources */,
				7B297EA1287C00EF00B5BCB4 /* DiscoverViewController.m in Sources */,
				7B39FC1F288F03F7002D3607 /* ShortestRouteMapViewController.m in Sources */,
				7B1A97B42874F7A9007D53F1 /* main.m in Sources */,
				7B2F65272898465D000C3D9C /* PlaceTuple.m in Sources */,
				7B297EAD287CDB4700B5BCB4 /* Place.m in Sources */,
				7B297EB32881325100B5BCB4 /* ItinerariesTableViewController.m in Sources */,
				7B297E9E28789D2500B5BCB4 /* ProfileViewController.m in Sources */,
				7B297EA5287C907E00B5BCB4 /* APIManager.m in Sources */,
				7B297EA9287CD61800B5BCB4 /* PlaceTableViewCell.m in Sources */,
				7B297EB62881365000B5BCB4 /* ItineraryTableViewCell.m in Sources */,
				7B39FC19288797A5002D3607 /* ItineraryDetailViewController.m in Sources */,
				7B297EB0287E420B00B5BCB4 /* FavoritesViewController.m in Sources */,
				7BF917982877DB800042641C /* SignUpViewController.m in Sources */,
				7B297E952877E33900B5BCB4 /* LoginViewController.m in Sources */,
				7B2F6531289847A8000C3D9C /* ApproximateOptimalRouteAlgorithm.m in Sources */,
				7B1A97A02874F7A8007D53F1 /* AppDelegate.m in Sources */,
				7B2F652E28984796000C3D9C /* ExactOptimalRouteAlgorithm.m in Sources */,
				7B39FC1C288A315D002D3607 /* ActivityHistoryViewController.m in Sources */,
				7B297EB92881374A00B5BCB4 /* Itinerary.m in Sources */,
				7B297EBC28813E2E00B5BCB4 /* ComposeItineraryViewController.m in Sources */,
				7B1A97A32874F7A8007D53F1 /* SceneDelegate.m in Sources */,
				7B03FF5C2891E1D600F2E80B /* Activity.m in Sources */,
				7B1A97AC2874F7A8007D53F1 /* Places.xcdatamodeld in Sources */,
			);
			runOnlyForDeploymentPostprocessing = 0;
		};
		7B1A97B52874F7A9007D53F1 /* Sources */ = {
			isa = PBXSourcesBuildPhase;
			buildActionMask = 2147483647;
			files = (
				7B1A97BE2874F7A9007D53F1 /* PlacesTests.m in Sources */,
			);
			runOnlyForDeploymentPostprocessing = 0;
		};
		7B1A97BF2874F7A9007D53F1 /* Sources */ = {
			isa = PBXSourcesBuildPhase;
			buildActionMask = 2147483647;
			files = (
				7B1A97CA2874F7A9007D53F1 /* PlacesUITestsLaunchTests.m in Sources */,
				7B1A97C82874F7A9007D53F1 /* PlacesUITests.m in Sources */,
			);
			runOnlyForDeploymentPostprocessing = 0;
		};
/* End PBXSourcesBuildPhase section */

/* Begin PBXTargetDependency section */
		7B1A97BB2874F7A9007D53F1 /* PBXTargetDependency */ = {
			isa = PBXTargetDependency;
			target = 7B1A979A2874F7A8007D53F1 /* Places */;
			targetProxy = 7B1A97BA2874F7A9007D53F1 /* PBXContainerItemProxy */;
		};
		7B1A97C52874F7A9007D53F1 /* PBXTargetDependency */ = {
			isa = PBXTargetDependency;
			target = 7B1A979A2874F7A8007D53F1 /* Places */;
			targetProxy = 7B1A97C42874F7A9007D53F1 /* PBXContainerItemProxy */;
		};
/* End PBXTargetDependency section */

/* Begin PBXVariantGroup section */
		7B1A97A72874F7A8007D53F1 /* Main.storyboard */ = {
			isa = PBXVariantGroup;
			children = (
				7B1A97A82874F7A8007D53F1 /* Base */,
			);
			name = Main.storyboard;
			sourceTree = "<group>";
		};
		7B1A97AF2874F7A9007D53F1 /* LaunchScreen.storyboard */ = {
			isa = PBXVariantGroup;
			children = (
				7B1A97B02874F7A9007D53F1 /* Base */,
			);
			name = LaunchScreen.storyboard;
			sourceTree = "<group>";
		};
/* End PBXVariantGroup section */

/* Begin XCBuildConfiguration section */
		7B1A97CB2874F7A9007D53F1 /* Debug */ = {
			isa = XCBuildConfiguration;
			buildSettings = {
				ALWAYS_SEARCH_USER_PATHS = NO;
				CLANG_ANALYZER_NONNULL = YES;
				CLANG_ANALYZER_NUMBER_OBJECT_CONVERSION = YES_AGGRESSIVE;
				CLANG_CXX_LANGUAGE_STANDARD = "gnu++17";
				CLANG_ENABLE_MODULES = YES;
				CLANG_ENABLE_OBJC_ARC = YES;
				CLANG_ENABLE_OBJC_WEAK = YES;
				CLANG_WARN_BLOCK_CAPTURE_AUTORELEASING = YES;
				CLANG_WARN_BOOL_CONVERSION = YES;
				CLANG_WARN_COMMA = YES;
				CLANG_WARN_CONSTANT_CONVERSION = YES;
				CLANG_WARN_DEPRECATED_OBJC_IMPLEMENTATIONS = YES;
				CLANG_WARN_DIRECT_OBJC_ISA_USAGE = YES_ERROR;
				CLANG_WARN_DOCUMENTATION_COMMENTS = YES;
				CLANG_WARN_EMPTY_BODY = YES;
				CLANG_WARN_ENUM_CONVERSION = YES;
				CLANG_WARN_INFINITE_RECURSION = YES;
				CLANG_WARN_INT_CONVERSION = YES;
				CLANG_WARN_NON_LITERAL_NULL_CONVERSION = YES;
				CLANG_WARN_OBJC_IMPLICIT_RETAIN_SELF = YES;
				CLANG_WARN_OBJC_LITERAL_CONVERSION = YES;
				CLANG_WARN_OBJC_ROOT_CLASS = YES_ERROR;
				CLANG_WARN_QUOTED_INCLUDE_IN_FRAMEWORK_HEADER = YES;
				CLANG_WARN_RANGE_LOOP_ANALYSIS = YES;
				CLANG_WARN_STRICT_PROTOTYPES = YES;
				CLANG_WARN_SUSPICIOUS_MOVE = YES;
				CLANG_WARN_UNGUARDED_AVAILABILITY = YES_AGGRESSIVE;
				CLANG_WARN_UNREACHABLE_CODE = YES;
				CLANG_WARN__DUPLICATE_METHOD_MATCH = YES;
				COPY_PHASE_STRIP = NO;
				DEBUG_INFORMATION_FORMAT = dwarf;
				ENABLE_STRICT_OBJC_MSGSEND = YES;
				ENABLE_TESTABILITY = YES;
				GCC_C_LANGUAGE_STANDARD = gnu11;
				GCC_DYNAMIC_NO_PIC = NO;
				GCC_NO_COMMON_BLOCKS = YES;
				GCC_OPTIMIZATION_LEVEL = 0;
				GCC_PREPROCESSOR_DEFINITIONS = (
					"DEBUG=1",
					"$(inherited)",
				);
				GCC_WARN_64_TO_32_BIT_CONVERSION = YES;
				GCC_WARN_ABOUT_RETURN_TYPE = YES_ERROR;
				GCC_WARN_UNDECLARED_SELECTOR = YES;
				GCC_WARN_UNINITIALIZED_AUTOS = YES_AGGRESSIVE;
				GCC_WARN_UNUSED_FUNCTION = YES;
				GCC_WARN_UNUSED_VARIABLE = YES;
				IPHONEOS_DEPLOYMENT_TARGET = 15.5;
				MTL_ENABLE_DEBUG_INFO = INCLUDE_SOURCE;
				MTL_FAST_MATH = YES;
				ONLY_ACTIVE_ARCH = YES;
				SDKROOT = iphoneos;
			};
			name = Debug;
		};
		7B1A97CC2874F7A9007D53F1 /* Release */ = {
			isa = XCBuildConfiguration;
			buildSettings = {
				ALWAYS_SEARCH_USER_PATHS = NO;
				CLANG_ANALYZER_NONNULL = YES;
				CLANG_ANALYZER_NUMBER_OBJECT_CONVERSION = YES_AGGRESSIVE;
				CLANG_CXX_LANGUAGE_STANDARD = "gnu++17";
				CLANG_ENABLE_MODULES = YES;
				CLANG_ENABLE_OBJC_ARC = YES;
				CLANG_ENABLE_OBJC_WEAK = YES;
				CLANG_WARN_BLOCK_CAPTURE_AUTORELEASING = YES;
				CLANG_WARN_BOOL_CONVERSION = YES;
				CLANG_WARN_COMMA = YES;
				CLANG_WARN_CONSTANT_CONVERSION = YES;
				CLANG_WARN_DEPRECATED_OBJC_IMPLEMENTATIONS = YES;
				CLANG_WARN_DIRECT_OBJC_ISA_USAGE = YES_ERROR;
				CLANG_WARN_DOCUMENTATION_COMMENTS = YES;
				CLANG_WARN_EMPTY_BODY = YES;
				CLANG_WARN_ENUM_CONVERSION = YES;
				CLANG_WARN_INFINITE_RECURSION = YES;
				CLANG_WARN_INT_CONVERSION = YES;
				CLANG_WARN_NON_LITERAL_NULL_CONVERSION = YES;
				CLANG_WARN_OBJC_IMPLICIT_RETAIN_SELF = YES;
				CLANG_WARN_OBJC_LITERAL_CONVERSION = YES;
				CLANG_WARN_OBJC_ROOT_CLASS = YES_ERROR;
				CLANG_WARN_QUOTED_INCLUDE_IN_FRAMEWORK_HEADER = YES;
				CLANG_WARN_RANGE_LOOP_ANALYSIS = YES;
				CLANG_WARN_STRICT_PROTOTYPES = YES;
				CLANG_WARN_SUSPICIOUS_MOVE = YES;
				CLANG_WARN_UNGUARDED_AVAILABILITY = YES_AGGRESSIVE;
				CLANG_WARN_UNREACHABLE_CODE = YES;
				CLANG_WARN__DUPLICATE_METHOD_MATCH = YES;
				COPY_PHASE_STRIP = NO;
				DEBUG_INFORMATION_FORMAT = "dwarf-with-dsym";
				ENABLE_NS_ASSERTIONS = NO;
				ENABLE_STRICT_OBJC_MSGSEND = YES;
				GCC_C_LANGUAGE_STANDARD = gnu11;
				GCC_NO_COMMON_BLOCKS = YES;
				GCC_WARN_64_TO_32_BIT_CONVERSION = YES;
				GCC_WARN_ABOUT_RETURN_TYPE = YES_ERROR;
				GCC_WARN_UNDECLARED_SELECTOR = YES;
				GCC_WARN_UNINITIALIZED_AUTOS = YES_AGGRESSIVE;
				GCC_WARN_UNUSED_FUNCTION = YES;
				GCC_WARN_UNUSED_VARIABLE = YES;
				IPHONEOS_DEPLOYMENT_TARGET = 15.5;
				MTL_ENABLE_DEBUG_INFO = NO;
				MTL_FAST_MATH = YES;
				ONLY_ACTIVE_ARCH = NO;
				SDKROOT = iphoneos;
				VALIDATE_PRODUCT = YES;
			};
			name = Release;
		};
		7B1A97CE2874F7A9007D53F1 /* Debug */ = {
			isa = XCBuildConfiguration;
			baseConfigurationReference = 4E2F94908CEB9CE9B3BB41F2 /* Pods-Places.debug.xcconfig */;
			buildSettings = {
				ASSETCATALOG_COMPILER_APPICON_NAME = AppIcon;
				ASSETCATALOG_COMPILER_GLOBAL_ACCENT_COLOR_NAME = AccentColor;
				CODE_SIGN_STYLE = Automatic;
				CURRENT_PROJECT_VERSION = 1;
				DEVELOPMENT_TEAM = 57LZWWN22G;
				GENERATE_INFOPLIST_FILE = YES;
				INFOPLIST_FILE = Places/Info.plist;
				INFOPLIST_KEY_UIApplicationSupportsIndirectInputEvents = YES;
				INFOPLIST_KEY_UILaunchStoryboardName = LaunchScreen;
				INFOPLIST_KEY_UIMainStoryboardFile = Main;
				INFOPLIST_KEY_UISupportedInterfaceOrientations_iPad = "UIInterfaceOrientationPortrait UIInterfaceOrientationPortraitUpsideDown UIInterfaceOrientationLandscapeLeft UIInterfaceOrientationLandscapeRight";
				INFOPLIST_KEY_UISupportedInterfaceOrientations_iPhone = "UIInterfaceOrientationPortrait UIInterfaceOrientationLandscapeLeft UIInterfaceOrientationLandscapeRight";
				LD_RUNPATH_SEARCH_PATHS = (
					"$(inherited)",
					"@executable_path/Frameworks",
				);
				MARKETING_VERSION = 1.0;
				PRODUCT_BUNDLE_IDENTIFIER = come.irisfu.Places;
				PRODUCT_NAME = "$(TARGET_NAME)";
				SWIFT_EMIT_LOC_STRINGS = YES;
				TARGETED_DEVICE_FAMILY = "1,2";
			};
			name = Debug;
		};
		7B1A97CF2874F7A9007D53F1 /* Release */ = {
			isa = XCBuildConfiguration;
			baseConfigurationReference = 181C0CC4E43A60CE2BD26C09 /* Pods-Places.release.xcconfig */;
			buildSettings = {
				ASSETCATALOG_COMPILER_APPICON_NAME = AppIcon;
				ASSETCATALOG_COMPILER_GLOBAL_ACCENT_COLOR_NAME = AccentColor;
				CODE_SIGN_STYLE = Automatic;
				CURRENT_PROJECT_VERSION = 1;
				DEVELOPMENT_TEAM = 57LZWWN22G;
				GENERATE_INFOPLIST_FILE = YES;
				INFOPLIST_FILE = Places/Info.plist;
				INFOPLIST_KEY_UIApplicationSupportsIndirectInputEvents = YES;
				INFOPLIST_KEY_UILaunchStoryboardName = LaunchScreen;
				INFOPLIST_KEY_UIMainStoryboardFile = Main;
				INFOPLIST_KEY_UISupportedInterfaceOrientations_iPad = "UIInterfaceOrientationPortrait UIInterfaceOrientationPortraitUpsideDown UIInterfaceOrientationLandscapeLeft UIInterfaceOrientationLandscapeRight";
				INFOPLIST_KEY_UISupportedInterfaceOrientations_iPhone = "UIInterfaceOrientationPortrait UIInterfaceOrientationLandscapeLeft UIInterfaceOrientationLandscapeRight";
				LD_RUNPATH_SEARCH_PATHS = (
					"$(inherited)",
					"@executable_path/Frameworks",
				);
				MARKETING_VERSION = 1.0;
				PRODUCT_BUNDLE_IDENTIFIER = come.irisfu.Places;
				PRODUCT_NAME = "$(TARGET_NAME)";
				SWIFT_EMIT_LOC_STRINGS = YES;
				TARGETED_DEVICE_FAMILY = "1,2";
			};
			name = Release;
		};
		7B1A97D12874F7A9007D53F1 /* Debug */ = {
			isa = XCBuildConfiguration;
			baseConfigurationReference = 97FFA15AC131F6C43064546D /* Pods-PlacesTests.debug.xcconfig */;
			buildSettings = {
				BUNDLE_LOADER = "$(TEST_HOST)";
				CODE_SIGN_STYLE = Automatic;
				CURRENT_PROJECT_VERSION = 1;
				DEVELOPMENT_TEAM = 57LZWWN22G;
				GENERATE_INFOPLIST_FILE = YES;
				IPHONEOS_DEPLOYMENT_TARGET = 15.5;
				MARKETING_VERSION = 1.0;
				PRODUCT_BUNDLE_IDENTIFIER = come.irisfu.PlacesTests;
				PRODUCT_NAME = "$(TARGET_NAME)";
				SWIFT_EMIT_LOC_STRINGS = NO;
				TARGETED_DEVICE_FAMILY = "1,2";
				TEST_HOST = "$(BUILT_PRODUCTS_DIR)/Places.app/Places";
			};
			name = Debug;
		};
		7B1A97D22874F7A9007D53F1 /* Release */ = {
			isa = XCBuildConfiguration;
			baseConfigurationReference = 412F1185F3FA9CB6C5BF34A0 /* Pods-PlacesTests.release.xcconfig */;
			buildSettings = {
				BUNDLE_LOADER = "$(TEST_HOST)";
				CODE_SIGN_STYLE = Automatic;
				CURRENT_PROJECT_VERSION = 1;
				DEVELOPMENT_TEAM = 57LZWWN22G;
				GENERATE_INFOPLIST_FILE = YES;
				IPHONEOS_DEPLOYMENT_TARGET = 15.5;
				MARKETING_VERSION = 1.0;
				PRODUCT_BUNDLE_IDENTIFIER = come.irisfu.PlacesTests;
				PRODUCT_NAME = "$(TARGET_NAME)";
				SWIFT_EMIT_LOC_STRINGS = NO;
				TARGETED_DEVICE_FAMILY = "1,2";
				TEST_HOST = "$(BUILT_PRODUCTS_DIR)/Places.app/Places";
			};
			name = Release;
		};
		7B1A97D42874F7A9007D53F1 /* Debug */ = {
			isa = XCBuildConfiguration;
			baseConfigurationReference = 48B8E4947D603CB6802401DE /* Pods-Places-PlacesUITests.debug.xcconfig */;
			buildSettings = {
				CODE_SIGN_STYLE = Automatic;
				CURRENT_PROJECT_VERSION = 1;
				DEVELOPMENT_TEAM = 57LZWWN22G;
				GENERATE_INFOPLIST_FILE = YES;
				MARKETING_VERSION = 1.0;
				PRODUCT_BUNDLE_IDENTIFIER = come.irisfu.PlacesUITests;
				PRODUCT_NAME = "$(TARGET_NAME)";
				SWIFT_EMIT_LOC_STRINGS = NO;
				TARGETED_DEVICE_FAMILY = "1,2";
				TEST_TARGET_NAME = Places;
			};
			name = Debug;
		};
		7B1A97D52874F7A9007D53F1 /* Release */ = {
			isa = XCBuildConfiguration;
			baseConfigurationReference = B45297B254A401AC370361D2 /* Pods-Places-PlacesUITests.release.xcconfig */;
			buildSettings = {
				CODE_SIGN_STYLE = Automatic;
				CURRENT_PROJECT_VERSION = 1;
				DEVELOPMENT_TEAM = 57LZWWN22G;
				GENERATE_INFOPLIST_FILE = YES;
				MARKETING_VERSION = 1.0;
				PRODUCT_BUNDLE_IDENTIFIER = come.irisfu.PlacesUITests;
				PRODUCT_NAME = "$(TARGET_NAME)";
				SWIFT_EMIT_LOC_STRINGS = NO;
				TARGETED_DEVICE_FAMILY = "1,2";
				TEST_TARGET_NAME = Places;
			};
			name = Release;
		};
/* End XCBuildConfiguration section */

/* Begin XCConfigurationList section */
		7B1A97962874F7A8007D53F1 /* Build configuration list for PBXProject "Places" */ = {
			isa = XCConfigurationList;
			buildConfigurations = (
				7B1A97CB2874F7A9007D53F1 /* Debug */,
				7B1A97CC2874F7A9007D53F1 /* Release */,
			);
			defaultConfigurationIsVisible = 0;
			defaultConfigurationName = Release;
		};
		7B1A97CD2874F7A9007D53F1 /* Build configuration list for PBXNativeTarget "Places" */ = {
			isa = XCConfigurationList;
			buildConfigurations = (
				7B1A97CE2874F7A9007D53F1 /* Debug */,
				7B1A97CF2874F7A9007D53F1 /* Release */,
			);
			defaultConfigurationIsVisible = 0;
			defaultConfigurationName = Release;
		};
		7B1A97D02874F7A9007D53F1 /* Build configuration list for PBXNativeTarget "PlacesTests" */ = {
			isa = XCConfigurationList;
			buildConfigurations = (
				7B1A97D12874F7A9007D53F1 /* Debug */,
				7B1A97D22874F7A9007D53F1 /* Release */,
			);
			defaultConfigurationIsVisible = 0;
			defaultConfigurationName = Release;
		};
		7B1A97D32874F7A9007D53F1 /* Build configuration list for PBXNativeTarget "PlacesUITests" */ = {
			isa = XCConfigurationList;
			buildConfigurations = (
				7B1A97D42874F7A9007D53F1 /* Debug */,
				7B1A97D52874F7A9007D53F1 /* Release */,
			);
			defaultConfigurationIsVisible = 0;
			defaultConfigurationName = Release;
		};
/* End XCConfigurationList section */

/* Begin XCVersionGroup section */
		7B1A97AA2874F7A8007D53F1 /* Places.xcdatamodeld */ = {
			isa = XCVersionGroup;
			children = (
				7B1A97AB2874F7A8007D53F1 /* Places.xcdatamodel */,
			);
			currentVersion = 7B1A97AB2874F7A8007D53F1 /* Places.xcdatamodel */;
			path = Places.xcdatamodeld;
			sourceTree = "<group>";
			versionGroupType = wrapper.xcdatamodel;
		};
/* End XCVersionGroup section */
	};
	rootObject = 7B1A97932874F7A8007D53F1 /* Project object */;
}
